
Microsoft Visual Studio Solution File, Format Version 12.00
# Visual Studio Version 17
VisualStudioVersion = 17.0.32112.339
MinimumVisualStudioVersion = 10.0.40219.1
Project("{9A19103F-16F7-4668-BE54-9A1E7A4F7556}") = "001.CalcAreaAndPerimeter(UsingIf)", "Learning .Net\001.CalcAreaAndPerimeter(UsingIf).csproj", "{453CE33C-7D52-41C0-BA59-376E33333546}"
EndProject
Project("{9A19103F-16F7-4668-BE54-9A1E7A4F7556}") = "002.FindingBiggestEven(UsingIf)", "2. Finding biggest even\002.FindingBiggestEven(UsingIf).csproj", "{E6C6195D-9203-4773-B899-9F0F1C7C50CC}"
EndProject
Project("{2150E333-8FDC-42A3-9474-1A3956D46DE8}") = "Solution Items", "Solution Items", "{A231426E-173B-43ED-B473-3855A6A188DA}"
	ProjectSection(SolutionItems) = preProject
		.gitattributes = .gitattributes
		.gitignore = .gitignore
		README.md = README.md
	EndProjectSection
EndProject
Project("{9A19103F-16F7-4668-BE54-9A1E7A4F7556}") = "003.SwitchCase", "3. Switch case\003.SwitchCase.csproj", "{9F980853-7A18-4EA8-B482-30A1AEECB76B}"
EndProject
Project("{9A19103F-16F7-4668-BE54-9A1E7A4F7556}") = "004.TernaryOperator", "4. TernaryOperator\004.TernaryOperator.csproj", "{C67BB3AD-5255-4EA4-A4F8-D769074B5ACB}"
EndProject
Project("{9A19103F-16F7-4668-BE54-9A1E7A4F7556}") = "005.TernaryOperator2", "TernaryOperator2\005.TernaryOperator2.csproj", "{981700E6-489F-4397-BEBB-5E40A3B3FB80}"
EndProject
Project("{9A19103F-16F7-4668-BE54-9A1E7A4F7556}") = "006.LoopWhile", "6.LoopWhile\006.LoopWhile.csproj", "{80A5D196-B54F-4800-92AC-CD195DB564FE}"
EndProject
Project("{9A19103F-16F7-4668-BE54-9A1E7A4F7556}") = "007.LoopWhile2", "7.LoopWhile2\007.LoopWhile2.csproj", "{93CFBCDD-2CFF-4CEF-8E7E-6FCA5CDBD966}"
EndProject
Project("{9A19103F-16F7-4668-BE54-9A1E7A4F7556}") = "008,9.Array", "8.Array\008,9.Array.csproj", "{7ADC813E-D280-45E4-91AD-F7D7D40EAC65}"
EndProject
Project("{9A19103F-16F7-4668-BE54-9A1E7A4F7556}") = "010.ArrayOperations", "10.ArrayOperations\010.ArrayOperations.csproj", "{C556967B-B284-4F8D-BA01-7A45CDCC768B}"
EndProject
Project("{9A19103F-16F7-4668-BE54-9A1E7A4F7556}") = "011.LoopFor", "LoopFor\011.LoopFor.csproj", "{4B66E1F0-7F22-4B77-A6B9-5DA1F8C43D75}"
EndProject
Project("{9A19103F-16F7-4668-BE54-9A1E7A4F7556}") = "012.MultidimensionalArrays", "12.MultidimensionalArrays\012.MultidimensionalArrays.csproj", "{4FAC965C-C0EB-4D33-A40A-6FC01B1B81A9}"
EndProject
Project("{9A19103F-16F7-4668-BE54-9A1E7A4F7556}") = "013.MultidimensionalArrays2", "12.MultidimensionalArrays2\013.MultidimensionalArrays2.csproj", "{BE5B3037-BE1D-482F-840C-138851C76018}"
EndProject
Project("{9A19103F-16F7-4668-BE54-9A1E7A4F7556}") = "014.Methods", "13.Methods\014.Methods.csproj", "{B5BD23B3-6058-4EEF-B51B-7827E3B6083F}"
EndProject
Project("{9A19103F-16F7-4668-BE54-9A1E7A4F7556}") = "015.MethodParams", "15.MethodParams\015.MethodParams.csproj", "{54296574-DCC6-4524-8205-D9B46ACAEEB5}"
EndProject
Project("{9A19103F-16F7-4668-BE54-9A1E7A4F7556}") = "016.MethodOverloading", "016.MethodOverloading\016.MethodOverloading.csproj", "{0336E538-C1EB-4570-97EC-9241020696AD}"
EndProject
Project("{9A19103F-16F7-4668-BE54-9A1E7A4F7556}") = "017.FactorialRecursion", "017.FactorialRecursion\017.FactorialRecursion.csproj", "{BD2E1187-7575-4C67-B67F-C2F9DE9165D4}"
EndProject
Project("{9A19103F-16F7-4668-BE54-9A1E7A4F7556}") = "Act2.0", "Act2\Act2.0.csproj", "{5C43B406-8832-4AC1-977E-AA00CA53CE53}"
EndProject
Project("{9A19103F-16F7-4668-BE54-9A1E7A4F7556}") = "Act2.1", "Act2.1\Act2.1.csproj", "{39124BB3-CE53-4B06-AFBD-05C798BDC0BD}"
EndProject
Project("{9A19103F-16F7-4668-BE54-9A1E7A4F7556}") = "Act2.2", "Act2.2\Act2.2.csproj", "{BD248EDB-F093-4C12-A4F2-A709D2AF2A42}"
EndProject
Project("{9A19103F-16F7-4668-BE54-9A1E7A4F7556}") = "Act2.3", "Act2.3\Act2.3.csproj", "{FEA23676-BEFB-44A7-8756-60512A27FE65}"
EndProject
Project("{9A19103F-16F7-4668-BE54-9A1E7A4F7556}") = "Act2.4", "Act2.4\Act2.4.csproj", "{FC46150E-1666-4C8A-9BA6-60286DE07659}"
EndProject
Project("{9A19103F-16F7-4668-BE54-9A1E7A4F7556}") = "Act2.5", "Act2.5\Act2.5.csproj", "{951211C8-A034-409E-8AD2-1F29373DD8C4}"
EndProject
Project("{9A19103F-16F7-4668-BE54-9A1E7A4F7556}") = "Act2.6", "Act2.6\Act2.6.csproj", "{A181FA49-DACA-4B35-9C0E-005D23A3FB42}"
EndProject
Project("{9A19103F-16F7-4668-BE54-9A1E7A4F7556}") = "Act2.7", "Act2.7\Act2.7.csproj", "{6D48823A-CE4D-430D-87D9-16BE55EDC5CA}"
EndProject
Project("{9A19103F-16F7-4668-BE54-9A1E7A4F7556}") = "Act2.8", "Act2.8\Act2.8.csproj", "{E64AE956-78DF-43A9-BB28-F1FD54C4A175}"
EndProject
Project("{9A19103F-16F7-4668-BE54-9A1E7A4F7556}") = "Act2.9", "Act2.9\Act2.9.csproj", "{C53AAB28-6725-4E57-AD2D-B68810A068DC}"
EndProject
Project("{9A19103F-16F7-4668-BE54-9A1E7A4F7556}") = "001.BasicMethods", "001.BasicMethods\001.BasicMethods.csproj", "{8DAE3CAC-EF24-4375-8582-E4692AC441F9}"
EndProject
Project("{9A19103F-16F7-4668-BE54-9A1E7A4F7556}") = "001.BasicMethods2", "001.BasicMethods2\001.BasicMethods2.csproj", "{8F332413-121F-4E00-89A9-E662CA38FF62}"
EndProject
Project("{9A19103F-16F7-4668-BE54-9A1E7A4F7556}") = "001.BasicMethods3", "001.BasicMethods3\001.BasicMethods3.csproj", "{488FF504-A0BA-4787-876D-DD444426897B}"
EndProject
Project("{9A19103F-16F7-4668-BE54-9A1E7A4F7556}") = "001.BasicMethods4", "001.BasicMethods4\001.BasicMethods4.csproj", "{3AA77B4A-C6F1-4564-B5D0-4110E28AFE40}"
EndProject
Project("{9A19103F-16F7-4668-BE54-9A1E7A4F7556}") = "Act3.0", "Act3\Act3.0.csproj", "{1566AAB3-907F-4EA0-8DFA-5601DE5C5AB8}"
EndProject
Project("{9A19103F-16F7-4668-BE54-9A1E7A4F7556}") = "Act3.1", "Act3.1\Act3.1.csproj", "{62FB04F3-EE3B-4843-B8E1-06D92D6B2815}"
EndProject
Project("{9A19103F-16F7-4668-BE54-9A1E7A4F7556}") = "Act3.2", "Act3.2\Act3.2.csproj", "{A3B38DB7-9DF3-48AD-832F-BDF20897077B}"
EndProject
Project("{9A19103F-16F7-4668-BE54-9A1E7A4F7556}") = "Act3.3", "Act3.3\Act3.3.csproj", "{73274924-1503-4317-BD3B-B3B487F9B4A1}"
EndProject
Project("{9A19103F-16F7-4668-BE54-9A1E7A4F7556}") = "Act3.4", "Act3.4\Act3.4.csproj", "{54304973-64FD-4C32-886A-537686280914}"
EndProject
Project("{9A19103F-16F7-4668-BE54-9A1E7A4F7556}") = "CreditCardMask", "CreditCardMask\CreditCardMask.csproj", "{489CA431-C296-4627-A863-38EB0D95B387}"
EndProject
Project("{9A19103F-16F7-4668-BE54-9A1E7A4F7556}") = "CompareArrayAndObject", "CompareArrayAndObject\CompareArrayAndObject.csproj", "{6A2C5FD6-8537-4231-A4DA-11715CFC7A1E}"
EndProject
Project("{9A19103F-16F7-4668-BE54-9A1E7A4F7556}") = "SumMixedArray", "SumMixedArray\SumMixedArray.csproj", "{11A43DAD-764A-4897-8BD7-715E6A9DDD6B}"
EndProject
Project("{9A19103F-16F7-4668-BE54-9A1E7A4F7556}") = "AreaOrPerimeter", "AreaOrPerimeter\AreaOrPerimeter.csproj", "{09ED1D8C-BA5A-4F4A-A309-E6351EC37753}"
EndProject
Project("{9A19103F-16F7-4668-BE54-9A1E7A4F7556}") = "NarcissisticNumbers", "NarcissisticNumbers\NarcissisticNumbers.csproj", "{814360F0-1FF3-480B-83DC-8DD887B39FBB}"
EndProject
Project("{9A19103F-16F7-4668-BE54-9A1E7A4F7556}") = "Beginner - Lost Without a Map", "Beginner - Lost Without a Map\Beginner - Lost Without a Map.csproj", "{13D468F7-79D1-4F68-BEB9-FD01829903AB}"
EndProject
Project("{9A19103F-16F7-4668-BE54-9A1E7A4F7556}") = "Act4.0", "Act4\Act4.0.csproj", "{83FC1367-0C30-438A-9342-223079D9D15D}"
EndProject
Project("{9A19103F-16F7-4668-BE54-9A1E7A4F7556}") = "Act4.1", "Act4.1\Act4.1.csproj", "{BE590444-9166-43A9-A00C-6224AAD7551A}"
EndProject
Project("{9A19103F-16F7-4668-BE54-9A1E7A4F7556}") = "Act4.2", "Act4.2\Act4.2.csproj", "{08DB9289-884E-479E-AF20-72028846F149}"
EndProject
Project("{9A19103F-16F7-4668-BE54-9A1E7A4F7556}") = "Act4.3", "Act4.3\Act4.3.csproj", "{5C980362-8908-43F1-A670-8E6A1D054F8A}"
EndProject
Project("{9A19103F-16F7-4668-BE54-9A1E7A4F7556}") = "Act4.4", "Act4.4\Act4.4.csproj", "{C6A26952-F540-4DB8-A5F3-AFAA7039FD65}"
EndProject
Project("{9A19103F-16F7-4668-BE54-9A1E7A4F7556}") = "Act4.5", "Act4.5\Act4.5.csproj", "{24C53297-9383-4606-A803-63382B7DEFE4}"
EndProject
Project("{9A19103F-16F7-4668-BE54-9A1E7A4F7556}") = "Act4.6", "Act4.6\Act4.6.csproj", "{B7B593D4-36FB-4533-B770-262EF4A79920}"
EndProject
Project("{9A19103F-16F7-4668-BE54-9A1E7A4F7556}") = "Act4.7", "Act4.7\Act4.7.csproj", "{BDE7A191-D71C-4073-8D3B-038D5DFC989E}"
EndProject
Project("{9A19103F-16F7-4668-BE54-9A1E7A4F7556}") = "Act5.0", "Act5\Act5.0.csproj", "{617A5D05-A4CE-4A16-84E3-21EEC3AC5DF1}"
EndProject
Project("{9A19103F-16F7-4668-BE54-9A1E7A4F7556}") = "Act5.1", "Act5.1\Act5.1.csproj", "{A7E843DA-6A9F-4669-AD80-BBA6D6D574FC}"
EndProject
Project("{9A19103F-16F7-4668-BE54-9A1E7A4F7556}") = "Act5.2", "Act5.2\Act5.2.csproj", "{537E0711-49FF-4657-8473-C99894AE5841}"
EndProject
Project("{9A19103F-16F7-4668-BE54-9A1E7A4F7556}") = "Act5.3", "Act5.3\Act5.3.csproj", "{751F42C9-3993-46B1-8A53-E43CD0A0094A}"
EndProject
Project("{9A19103F-16F7-4668-BE54-9A1E7A4F7556}") = "Act5.4", "Act5.4\Act5.4.csproj", "{FA19A1FC-CA1E-4BB1-B705-D63CD16503A3}"
EndProject
Project("{9A19103F-16F7-4668-BE54-9A1E7A4F7556}") = "Act5.5", "Act5.5\Act5.5.csproj", "{F5BCF8CE-9687-43F3-84BA-1CDFD5696045}"
EndProject
Project("{9A19103F-16F7-4668-BE54-9A1E7A4F7556}") = "Act5.6", "Act5.6\Act5.6.csproj", "{AA4158BD-4EAC-4B87-A84B-4C5256343B74}"
EndProject
Project("{9A19103F-16F7-4668-BE54-9A1E7A4F7556}") = "Act3.5", "Act3.5\Act3.5.csproj", "{05DB6DB5-9721-4CA5-9A4B-1845A600E7DF}"
EndProject
Project("{9A19103F-16F7-4668-BE54-9A1E7A4F7556}") = "Disemvowel Trolls", "Disemvowel Trolls\Disemvowel Trolls.csproj", "{07451AE7-EBC2-4296-A862-FD942EF27D8D}"
EndProject
Project("{2150E333-8FDC-42A3-9474-1A3956D46DE8}") = "ITVDN", "ITVDN", "{C398A3CA-91CF-4009-82B1-D493AC5207A2}"
EndProject
Project("{2150E333-8FDC-42A3-9474-1A3956D46DE8}") = "NoobCoding", "NoobCoding", "{A93F99F3-12E1-4C4E-B681-6AA694DDD9BC}"
EndProject
Project("{2150E333-8FDC-42A3-9474-1A3956D46DE8}") = "CodeWars", "CodeWars", "{A170AC26-32C9-499B-BA8C-28DDE337D80B}"
EndProject
Project("{9A19103F-16F7-4668-BE54-9A1E7A4F7556}") = "Exes and Ohs", "Exes and Ohs\Exes and Ohs.csproj", "{96378BEF-5D7A-45C1-B362-12186A25F7D0}"
EndProject
Project("{9A19103F-16F7-4668-BE54-9A1E7A4F7556}") = "Reverse words", "Reverse words\Reverse words.csproj", "{6E681567-5503-4E7A-8C60-C55E6E133794}"
EndProject
Project("{2150E333-8FDC-42A3-9474-1A3956D46DE8}") = "Act2", "Act2", "{DB7A2D55-D06A-44FD-95F9-2620CE7E5DA5}"
EndProject
Project("{2150E333-8FDC-42A3-9474-1A3956D46DE8}") = "Act3", "Act3", "{CFCBFAF5-0668-403C-9645-62DE54225AD5}"
EndProject
Project("{2150E333-8FDC-42A3-9474-1A3956D46DE8}") = "Act4", "Act4", "{724BAD96-349A-483A-AD3B-831EAF7D6742}"
EndProject
Project("{2150E333-8FDC-42A3-9474-1A3956D46DE8}") = "Act5", "Act5", "{3BF493BB-9D5B-4D1B-B357-EF96FA806819}"
EndProject
Project("{2150E333-8FDC-42A3-9474-1A3956D46DE8}") = "Act6", "Act6", "{3CAF9F12-BCFE-492C-9336-4B7283CC4BDB}"
EndProject
Project("{9A19103F-16F7-4668-BE54-9A1E7A4F7556}") = "Act6.0", "Act6.0\Act6.0.csproj", "{3F4D4039-92D7-4B76-B89B-AC7EAEE2316D}"
EndProject
Project("{9A19103F-16F7-4668-BE54-9A1E7A4F7556}") = "Act6.1", "Act6.1\Act6.1.csproj", "{776A6806-02FF-4F65-906E-CE28D4F3DCCF}"
EndProject
Project("{FAE04EC0-301F-11D3-BF4B-00C04F79EFBC}") = "Act6.2", "Act6.2\Act6.2.csproj", "{562EB700-C34A-4470-A43C-1573C490A0CF}"
EndProject
Global
	GlobalSection(SolutionConfigurationPlatforms) = preSolution
		Debug|Any CPU = Debug|Any CPU
		Release|Any CPU = Release|Any CPU
	EndGlobalSection
	GlobalSection(ProjectConfigurationPlatforms) = postSolution
		{453CE33C-7D52-41C0-BA59-376E33333546}.Debug|Any CPU.ActiveCfg = Debug|Any CPU
		{453CE33C-7D52-41C0-BA59-376E33333546}.Debug|Any CPU.Build.0 = Debug|Any CPU
		{453CE33C-7D52-41C0-BA59-376E33333546}.Release|Any CPU.ActiveCfg = Release|Any CPU
		{453CE33C-7D52-41C0-BA59-376E33333546}.Release|Any CPU.Build.0 = Release|Any CPU
		{E6C6195D-9203-4773-B899-9F0F1C7C50CC}.Debug|Any CPU.ActiveCfg = Debug|Any CPU
		{E6C6195D-9203-4773-B899-9F0F1C7C50CC}.Debug|Any CPU.Build.0 = Debug|Any CPU
		{E6C6195D-9203-4773-B899-9F0F1C7C50CC}.Release|Any CPU.ActiveCfg = Release|Any CPU
		{E6C6195D-9203-4773-B899-9F0F1C7C50CC}.Release|Any CPU.Build.0 = Release|Any CPU
		{9F980853-7A18-4EA8-B482-30A1AEECB76B}.Debug|Any CPU.ActiveCfg = Debug|Any CPU
		{9F980853-7A18-4EA8-B482-30A1AEECB76B}.Debug|Any CPU.Build.0 = Debug|Any CPU
		{9F980853-7A18-4EA8-B482-30A1AEECB76B}.Release|Any CPU.ActiveCfg = Release|Any CPU
		{9F980853-7A18-4EA8-B482-30A1AEECB76B}.Release|Any CPU.Build.0 = Release|Any CPU
		{C67BB3AD-5255-4EA4-A4F8-D769074B5ACB}.Debug|Any CPU.ActiveCfg = Debug|Any CPU
		{C67BB3AD-5255-4EA4-A4F8-D769074B5ACB}.Debug|Any CPU.Build.0 = Debug|Any CPU
		{C67BB3AD-5255-4EA4-A4F8-D769074B5ACB}.Release|Any CPU.ActiveCfg = Release|Any CPU
		{C67BB3AD-5255-4EA4-A4F8-D769074B5ACB}.Release|Any CPU.Build.0 = Release|Any CPU
		{981700E6-489F-4397-BEBB-5E40A3B3FB80}.Debug|Any CPU.ActiveCfg = Debug|Any CPU
		{981700E6-489F-4397-BEBB-5E40A3B3FB80}.Debug|Any CPU.Build.0 = Debug|Any CPU
		{981700E6-489F-4397-BEBB-5E40A3B3FB80}.Release|Any CPU.ActiveCfg = Release|Any CPU
		{981700E6-489F-4397-BEBB-5E40A3B3FB80}.Release|Any CPU.Build.0 = Release|Any CPU
		{80A5D196-B54F-4800-92AC-CD195DB564FE}.Debug|Any CPU.ActiveCfg = Debug|Any CPU
		{80A5D196-B54F-4800-92AC-CD195DB564FE}.Debug|Any CPU.Build.0 = Debug|Any CPU
		{80A5D196-B54F-4800-92AC-CD195DB564FE}.Release|Any CPU.ActiveCfg = Release|Any CPU
		{80A5D196-B54F-4800-92AC-CD195DB564FE}.Release|Any CPU.Build.0 = Release|Any CPU
		{93CFBCDD-2CFF-4CEF-8E7E-6FCA5CDBD966}.Debug|Any CPU.ActiveCfg = Debug|Any CPU
		{93CFBCDD-2CFF-4CEF-8E7E-6FCA5CDBD966}.Debug|Any CPU.Build.0 = Debug|Any CPU
		{93CFBCDD-2CFF-4CEF-8E7E-6FCA5CDBD966}.Release|Any CPU.ActiveCfg = Release|Any CPU
		{93CFBCDD-2CFF-4CEF-8E7E-6FCA5CDBD966}.Release|Any CPU.Build.0 = Release|Any CPU
		{7ADC813E-D280-45E4-91AD-F7D7D40EAC65}.Debug|Any CPU.ActiveCfg = Debug|Any CPU
		{7ADC813E-D280-45E4-91AD-F7D7D40EAC65}.Debug|Any CPU.Build.0 = Debug|Any CPU
		{7ADC813E-D280-45E4-91AD-F7D7D40EAC65}.Release|Any CPU.ActiveCfg = Release|Any CPU
		{7ADC813E-D280-45E4-91AD-F7D7D40EAC65}.Release|Any CPU.Build.0 = Release|Any CPU
		{C556967B-B284-4F8D-BA01-7A45CDCC768B}.Debug|Any CPU.ActiveCfg = Debug|Any CPU
		{C556967B-B284-4F8D-BA01-7A45CDCC768B}.Debug|Any CPU.Build.0 = Debug|Any CPU
		{C556967B-B284-4F8D-BA01-7A45CDCC768B}.Release|Any CPU.ActiveCfg = Release|Any CPU
		{C556967B-B284-4F8D-BA01-7A45CDCC768B}.Release|Any CPU.Build.0 = Release|Any CPU
		{4B66E1F0-7F22-4B77-A6B9-5DA1F8C43D75}.Debug|Any CPU.ActiveCfg = Debug|Any CPU
		{4B66E1F0-7F22-4B77-A6B9-5DA1F8C43D75}.Debug|Any CPU.Build.0 = Debug|Any CPU
		{4B66E1F0-7F22-4B77-A6B9-5DA1F8C43D75}.Release|Any CPU.ActiveCfg = Release|Any CPU
		{4B66E1F0-7F22-4B77-A6B9-5DA1F8C43D75}.Release|Any CPU.Build.0 = Release|Any CPU
		{4FAC965C-C0EB-4D33-A40A-6FC01B1B81A9}.Debug|Any CPU.ActiveCfg = Debug|Any CPU
		{4FAC965C-C0EB-4D33-A40A-6FC01B1B81A9}.Debug|Any CPU.Build.0 = Debug|Any CPU
		{4FAC965C-C0EB-4D33-A40A-6FC01B1B81A9}.Release|Any CPU.ActiveCfg = Release|Any CPU
		{4FAC965C-C0EB-4D33-A40A-6FC01B1B81A9}.Release|Any CPU.Build.0 = Release|Any CPU
		{BE5B3037-BE1D-482F-840C-138851C76018}.Debug|Any CPU.ActiveCfg = Debug|Any CPU
		{BE5B3037-BE1D-482F-840C-138851C76018}.Debug|Any CPU.Build.0 = Debug|Any CPU
		{BE5B3037-BE1D-482F-840C-138851C76018}.Release|Any CPU.ActiveCfg = Release|Any CPU
		{BE5B3037-BE1D-482F-840C-138851C76018}.Release|Any CPU.Build.0 = Release|Any CPU
		{B5BD23B3-6058-4EEF-B51B-7827E3B6083F}.Debug|Any CPU.ActiveCfg = Debug|Any CPU
		{B5BD23B3-6058-4EEF-B51B-7827E3B6083F}.Debug|Any CPU.Build.0 = Debug|Any CPU
		{B5BD23B3-6058-4EEF-B51B-7827E3B6083F}.Release|Any CPU.ActiveCfg = Release|Any CPU
		{B5BD23B3-6058-4EEF-B51B-7827E3B6083F}.Release|Any CPU.Build.0 = Release|Any CPU
		{54296574-DCC6-4524-8205-D9B46ACAEEB5}.Debug|Any CPU.ActiveCfg = Debug|Any CPU
		{54296574-DCC6-4524-8205-D9B46ACAEEB5}.Debug|Any CPU.Build.0 = Debug|Any CPU
		{54296574-DCC6-4524-8205-D9B46ACAEEB5}.Release|Any CPU.ActiveCfg = Release|Any CPU
		{54296574-DCC6-4524-8205-D9B46ACAEEB5}.Release|Any CPU.Build.0 = Release|Any CPU
		{0336E538-C1EB-4570-97EC-9241020696AD}.Debug|Any CPU.ActiveCfg = Debug|Any CPU
		{0336E538-C1EB-4570-97EC-9241020696AD}.Debug|Any CPU.Build.0 = Debug|Any CPU
		{0336E538-C1EB-4570-97EC-9241020696AD}.Release|Any CPU.ActiveCfg = Release|Any CPU
		{0336E538-C1EB-4570-97EC-9241020696AD}.Release|Any CPU.Build.0 = Release|Any CPU
		{BD2E1187-7575-4C67-B67F-C2F9DE9165D4}.Debug|Any CPU.ActiveCfg = Debug|Any CPU
		{BD2E1187-7575-4C67-B67F-C2F9DE9165D4}.Debug|Any CPU.Build.0 = Debug|Any CPU
		{BD2E1187-7575-4C67-B67F-C2F9DE9165D4}.Release|Any CPU.ActiveCfg = Release|Any CPU
		{BD2E1187-7575-4C67-B67F-C2F9DE9165D4}.Release|Any CPU.Build.0 = Release|Any CPU
		{5C43B406-8832-4AC1-977E-AA00CA53CE53}.Debug|Any CPU.ActiveCfg = Debug|Any CPU
		{5C43B406-8832-4AC1-977E-AA00CA53CE53}.Debug|Any CPU.Build.0 = Debug|Any CPU
		{5C43B406-8832-4AC1-977E-AA00CA53CE53}.Release|Any CPU.ActiveCfg = Release|Any CPU
		{5C43B406-8832-4AC1-977E-AA00CA53CE53}.Release|Any CPU.Build.0 = Release|Any CPU
		{39124BB3-CE53-4B06-AFBD-05C798BDC0BD}.Debug|Any CPU.ActiveCfg = Debug|Any CPU
		{39124BB3-CE53-4B06-AFBD-05C798BDC0BD}.Debug|Any CPU.Build.0 = Debug|Any CPU
		{39124BB3-CE53-4B06-AFBD-05C798BDC0BD}.Release|Any CPU.ActiveCfg = Release|Any CPU
		{39124BB3-CE53-4B06-AFBD-05C798BDC0BD}.Release|Any CPU.Build.0 = Release|Any CPU
		{BD248EDB-F093-4C12-A4F2-A709D2AF2A42}.Debug|Any CPU.ActiveCfg = Debug|Any CPU
		{BD248EDB-F093-4C12-A4F2-A709D2AF2A42}.Debug|Any CPU.Build.0 = Debug|Any CPU
		{BD248EDB-F093-4C12-A4F2-A709D2AF2A42}.Release|Any CPU.ActiveCfg = Release|Any CPU
		{BD248EDB-F093-4C12-A4F2-A709D2AF2A42}.Release|Any CPU.Build.0 = Release|Any CPU
		{FEA23676-BEFB-44A7-8756-60512A27FE65}.Debug|Any CPU.ActiveCfg = Debug|Any CPU
		{FEA23676-BEFB-44A7-8756-60512A27FE65}.Debug|Any CPU.Build.0 = Debug|Any CPU
		{FEA23676-BEFB-44A7-8756-60512A27FE65}.Release|Any CPU.ActiveCfg = Release|Any CPU
		{FEA23676-BEFB-44A7-8756-60512A27FE65}.Release|Any CPU.Build.0 = Release|Any CPU
		{FC46150E-1666-4C8A-9BA6-60286DE07659}.Debug|Any CPU.ActiveCfg = Debug|Any CPU
		{FC46150E-1666-4C8A-9BA6-60286DE07659}.Debug|Any CPU.Build.0 = Debug|Any CPU
		{FC46150E-1666-4C8A-9BA6-60286DE07659}.Release|Any CPU.ActiveCfg = Release|Any CPU
		{FC46150E-1666-4C8A-9BA6-60286DE07659}.Release|Any CPU.Build.0 = Release|Any CPU
		{951211C8-A034-409E-8AD2-1F29373DD8C4}.Debug|Any CPU.ActiveCfg = Debug|Any CPU
		{951211C8-A034-409E-8AD2-1F29373DD8C4}.Debug|Any CPU.Build.0 = Debug|Any CPU
		{951211C8-A034-409E-8AD2-1F29373DD8C4}.Release|Any CPU.ActiveCfg = Release|Any CPU
		{951211C8-A034-409E-8AD2-1F29373DD8C4}.Release|Any CPU.Build.0 = Release|Any CPU
		{A181FA49-DACA-4B35-9C0E-005D23A3FB42}.Debug|Any CPU.ActiveCfg = Debug|Any CPU
		{A181FA49-DACA-4B35-9C0E-005D23A3FB42}.Debug|Any CPU.Build.0 = Debug|Any CPU
		{A181FA49-DACA-4B35-9C0E-005D23A3FB42}.Release|Any CPU.ActiveCfg = Release|Any CPU
		{A181FA49-DACA-4B35-9C0E-005D23A3FB42}.Release|Any CPU.Build.0 = Release|Any CPU
		{6D48823A-CE4D-430D-87D9-16BE55EDC5CA}.Debug|Any CPU.ActiveCfg = Debug|Any CPU
		{6D48823A-CE4D-430D-87D9-16BE55EDC5CA}.Debug|Any CPU.Build.0 = Debug|Any CPU
		{6D48823A-CE4D-430D-87D9-16BE55EDC5CA}.Release|Any CPU.ActiveCfg = Release|Any CPU
		{6D48823A-CE4D-430D-87D9-16BE55EDC5CA}.Release|Any CPU.Build.0 = Release|Any CPU
		{E64AE956-78DF-43A9-BB28-F1FD54C4A175}.Debug|Any CPU.ActiveCfg = Debug|Any CPU
		{E64AE956-78DF-43A9-BB28-F1FD54C4A175}.Debug|Any CPU.Build.0 = Debug|Any CPU
		{E64AE956-78DF-43A9-BB28-F1FD54C4A175}.Release|Any CPU.ActiveCfg = Release|Any CPU
		{E64AE956-78DF-43A9-BB28-F1FD54C4A175}.Release|Any CPU.Build.0 = Release|Any CPU
		{C53AAB28-6725-4E57-AD2D-B68810A068DC}.Debug|Any CPU.ActiveCfg = Debug|Any CPU
		{C53AAB28-6725-4E57-AD2D-B68810A068DC}.Debug|Any CPU.Build.0 = Debug|Any CPU
		{C53AAB28-6725-4E57-AD2D-B68810A068DC}.Release|Any CPU.ActiveCfg = Release|Any CPU
		{C53AAB28-6725-4E57-AD2D-B68810A068DC}.Release|Any CPU.Build.0 = Release|Any CPU
		{8DAE3CAC-EF24-4375-8582-E4692AC441F9}.Debug|Any CPU.ActiveCfg = Debug|Any CPU
		{8DAE3CAC-EF24-4375-8582-E4692AC441F9}.Debug|Any CPU.Build.0 = Debug|Any CPU
		{8DAE3CAC-EF24-4375-8582-E4692AC441F9}.Release|Any CPU.ActiveCfg = Release|Any CPU
		{8DAE3CAC-EF24-4375-8582-E4692AC441F9}.Release|Any CPU.Build.0 = Release|Any CPU
		{8F332413-121F-4E00-89A9-E662CA38FF62}.Debug|Any CPU.ActiveCfg = Debug|Any CPU
		{8F332413-121F-4E00-89A9-E662CA38FF62}.Debug|Any CPU.Build.0 = Debug|Any CPU
		{8F332413-121F-4E00-89A9-E662CA38FF62}.Release|Any CPU.ActiveCfg = Release|Any CPU
		{8F332413-121F-4E00-89A9-E662CA38FF62}.Release|Any CPU.Build.0 = Release|Any CPU
		{488FF504-A0BA-4787-876D-DD444426897B}.Debug|Any CPU.ActiveCfg = Debug|Any CPU
		{488FF504-A0BA-4787-876D-DD444426897B}.Debug|Any CPU.Build.0 = Debug|Any CPU
		{488FF504-A0BA-4787-876D-DD444426897B}.Release|Any CPU.ActiveCfg = Release|Any CPU
		{488FF504-A0BA-4787-876D-DD444426897B}.Release|Any CPU.Build.0 = Release|Any CPU
		{3AA77B4A-C6F1-4564-B5D0-4110E28AFE40}.Debug|Any CPU.ActiveCfg = Debug|Any CPU
		{3AA77B4A-C6F1-4564-B5D0-4110E28AFE40}.Debug|Any CPU.Build.0 = Debug|Any CPU
		{3AA77B4A-C6F1-4564-B5D0-4110E28AFE40}.Release|Any CPU.ActiveCfg = Release|Any CPU
		{3AA77B4A-C6F1-4564-B5D0-4110E28AFE40}.Release|Any CPU.Build.0 = Release|Any CPU
		{1566AAB3-907F-4EA0-8DFA-5601DE5C5AB8}.Debug|Any CPU.ActiveCfg = Debug|Any CPU
		{1566AAB3-907F-4EA0-8DFA-5601DE5C5AB8}.Debug|Any CPU.Build.0 = Debug|Any CPU
		{1566AAB3-907F-4EA0-8DFA-5601DE5C5AB8}.Release|Any CPU.ActiveCfg = Release|Any CPU
		{1566AAB3-907F-4EA0-8DFA-5601DE5C5AB8}.Release|Any CPU.Build.0 = Release|Any CPU
		{62FB04F3-EE3B-4843-B8E1-06D92D6B2815}.Debug|Any CPU.ActiveCfg = Debug|Any CPU
		{62FB04F3-EE3B-4843-B8E1-06D92D6B2815}.Debug|Any CPU.Build.0 = Debug|Any CPU
		{62FB04F3-EE3B-4843-B8E1-06D92D6B2815}.Release|Any CPU.ActiveCfg = Release|Any CPU
		{62FB04F3-EE3B-4843-B8E1-06D92D6B2815}.Release|Any CPU.Build.0 = Release|Any CPU
		{A3B38DB7-9DF3-48AD-832F-BDF20897077B}.Debug|Any CPU.ActiveCfg = Debug|Any CPU
		{A3B38DB7-9DF3-48AD-832F-BDF20897077B}.Debug|Any CPU.Build.0 = Debug|Any CPU
		{A3B38DB7-9DF3-48AD-832F-BDF20897077B}.Release|Any CPU.ActiveCfg = Release|Any CPU
		{A3B38DB7-9DF3-48AD-832F-BDF20897077B}.Release|Any CPU.Build.0 = Release|Any CPU
		{73274924-1503-4317-BD3B-B3B487F9B4A1}.Debug|Any CPU.ActiveCfg = Debug|Any CPU
		{73274924-1503-4317-BD3B-B3B487F9B4A1}.Debug|Any CPU.Build.0 = Debug|Any CPU
		{73274924-1503-4317-BD3B-B3B487F9B4A1}.Release|Any CPU.ActiveCfg = Release|Any CPU
		{73274924-1503-4317-BD3B-B3B487F9B4A1}.Release|Any CPU.Build.0 = Release|Any CPU
		{54304973-64FD-4C32-886A-537686280914}.Debug|Any CPU.ActiveCfg = Debug|Any CPU
		{54304973-64FD-4C32-886A-537686280914}.Debug|Any CPU.Build.0 = Debug|Any CPU
		{54304973-64FD-4C32-886A-537686280914}.Release|Any CPU.ActiveCfg = Release|Any CPU
		{54304973-64FD-4C32-886A-537686280914}.Release|Any CPU.Build.0 = Release|Any CPU
		{489CA431-C296-4627-A863-38EB0D95B387}.Debug|Any CPU.ActiveCfg = Debug|Any CPU
		{489CA431-C296-4627-A863-38EB0D95B387}.Debug|Any CPU.Build.0 = Debug|Any CPU
		{489CA431-C296-4627-A863-38EB0D95B387}.Release|Any CPU.ActiveCfg = Release|Any CPU
		{489CA431-C296-4627-A863-38EB0D95B387}.Release|Any CPU.Build.0 = Release|Any CPU
		{6A2C5FD6-8537-4231-A4DA-11715CFC7A1E}.Debug|Any CPU.ActiveCfg = Debug|Any CPU
		{6A2C5FD6-8537-4231-A4DA-11715CFC7A1E}.Debug|Any CPU.Build.0 = Debug|Any CPU
		{6A2C5FD6-8537-4231-A4DA-11715CFC7A1E}.Release|Any CPU.ActiveCfg = Release|Any CPU
		{6A2C5FD6-8537-4231-A4DA-11715CFC7A1E}.Release|Any CPU.Build.0 = Release|Any CPU
		{11A43DAD-764A-4897-8BD7-715E6A9DDD6B}.Debug|Any CPU.ActiveCfg = Debug|Any CPU
		{11A43DAD-764A-4897-8BD7-715E6A9DDD6B}.Debug|Any CPU.Build.0 = Debug|Any CPU
		{11A43DAD-764A-4897-8BD7-715E6A9DDD6B}.Release|Any CPU.ActiveCfg = Release|Any CPU
		{11A43DAD-764A-4897-8BD7-715E6A9DDD6B}.Release|Any CPU.Build.0 = Release|Any CPU
		{09ED1D8C-BA5A-4F4A-A309-E6351EC37753}.Debug|Any CPU.ActiveCfg = Debug|Any CPU
		{09ED1D8C-BA5A-4F4A-A309-E6351EC37753}.Debug|Any CPU.Build.0 = Debug|Any CPU
		{09ED1D8C-BA5A-4F4A-A309-E6351EC37753}.Release|Any CPU.ActiveCfg = Release|Any CPU
		{09ED1D8C-BA5A-4F4A-A309-E6351EC37753}.Release|Any CPU.Build.0 = Release|Any CPU
		{814360F0-1FF3-480B-83DC-8DD887B39FBB}.Debug|Any CPU.ActiveCfg = Debug|Any CPU
		{814360F0-1FF3-480B-83DC-8DD887B39FBB}.Debug|Any CPU.Build.0 = Debug|Any CPU
		{814360F0-1FF3-480B-83DC-8DD887B39FBB}.Release|Any CPU.ActiveCfg = Release|Any CPU
		{814360F0-1FF3-480B-83DC-8DD887B39FBB}.Release|Any CPU.Build.0 = Release|Any CPU
		{13D468F7-79D1-4F68-BEB9-FD01829903AB}.Debug|Any CPU.ActiveCfg = Debug|Any CPU
		{13D468F7-79D1-4F68-BEB9-FD01829903AB}.Debug|Any CPU.Build.0 = Debug|Any CPU
		{13D468F7-79D1-4F68-BEB9-FD01829903AB}.Release|Any CPU.ActiveCfg = Release|Any CPU
		{13D468F7-79D1-4F68-BEB9-FD01829903AB}.Release|Any CPU.Build.0 = Release|Any CPU
		{83FC1367-0C30-438A-9342-223079D9D15D}.Debug|Any CPU.ActiveCfg = Debug|Any CPU
		{83FC1367-0C30-438A-9342-223079D9D15D}.Debug|Any CPU.Build.0 = Debug|Any CPU
		{83FC1367-0C30-438A-9342-223079D9D15D}.Release|Any CPU.ActiveCfg = Release|Any CPU
		{83FC1367-0C30-438A-9342-223079D9D15D}.Release|Any CPU.Build.0 = Release|Any CPU
		{BE590444-9166-43A9-A00C-6224AAD7551A}.Debug|Any CPU.ActiveCfg = Debug|Any CPU
		{BE590444-9166-43A9-A00C-6224AAD7551A}.Debug|Any CPU.Build.0 = Debug|Any CPU
		{BE590444-9166-43A9-A00C-6224AAD7551A}.Release|Any CPU.ActiveCfg = Release|Any CPU
		{BE590444-9166-43A9-A00C-6224AAD7551A}.Release|Any CPU.Build.0 = Release|Any CPU
		{08DB9289-884E-479E-AF20-72028846F149}.Debug|Any CPU.ActiveCfg = Debug|Any CPU
		{08DB9289-884E-479E-AF20-72028846F149}.Debug|Any CPU.Build.0 = Debug|Any CPU
		{08DB9289-884E-479E-AF20-72028846F149}.Release|Any CPU.ActiveCfg = Release|Any CPU
		{08DB9289-884E-479E-AF20-72028846F149}.Release|Any CPU.Build.0 = Release|Any CPU
		{5C980362-8908-43F1-A670-8E6A1D054F8A}.Debug|Any CPU.ActiveCfg = Debug|Any CPU
		{5C980362-8908-43F1-A670-8E6A1D054F8A}.Debug|Any CPU.Build.0 = Debug|Any CPU
		{5C980362-8908-43F1-A670-8E6A1D054F8A}.Release|Any CPU.ActiveCfg = Release|Any CPU
		{5C980362-8908-43F1-A670-8E6A1D054F8A}.Release|Any CPU.Build.0 = Release|Any CPU
		{C6A26952-F540-4DB8-A5F3-AFAA7039FD65}.Debug|Any CPU.ActiveCfg = Debug|Any CPU
		{C6A26952-F540-4DB8-A5F3-AFAA7039FD65}.Debug|Any CPU.Build.0 = Debug|Any CPU
		{C6A26952-F540-4DB8-A5F3-AFAA7039FD65}.Release|Any CPU.ActiveCfg = Release|Any CPU
		{C6A26952-F540-4DB8-A5F3-AFAA7039FD65}.Release|Any CPU.Build.0 = Release|Any CPU
		{24C53297-9383-4606-A803-63382B7DEFE4}.Debug|Any CPU.ActiveCfg = Debug|Any CPU
		{24C53297-9383-4606-A803-63382B7DEFE4}.Debug|Any CPU.Build.0 = Debug|Any CPU
		{24C53297-9383-4606-A803-63382B7DEFE4}.Release|Any CPU.ActiveCfg = Release|Any CPU
		{24C53297-9383-4606-A803-63382B7DEFE4}.Release|Any CPU.Build.0 = Release|Any CPU
		{B7B593D4-36FB-4533-B770-262EF4A79920}.Debug|Any CPU.ActiveCfg = Debug|Any CPU
		{B7B593D4-36FB-4533-B770-262EF4A79920}.Debug|Any CPU.Build.0 = Debug|Any CPU
		{B7B593D4-36FB-4533-B770-262EF4A79920}.Release|Any CPU.ActiveCfg = Release|Any CPU
		{B7B593D4-36FB-4533-B770-262EF4A79920}.Release|Any CPU.Build.0 = Release|Any CPU
		{BDE7A191-D71C-4073-8D3B-038D5DFC989E}.Debug|Any CPU.ActiveCfg = Debug|Any CPU
		{BDE7A191-D71C-4073-8D3B-038D5DFC989E}.Debug|Any CPU.Build.0 = Debug|Any CPU
		{BDE7A191-D71C-4073-8D3B-038D5DFC989E}.Release|Any CPU.ActiveCfg = Release|Any CPU
		{BDE7A191-D71C-4073-8D3B-038D5DFC989E}.Release|Any CPU.Build.0 = Release|Any CPU
		{617A5D05-A4CE-4A16-84E3-21EEC3AC5DF1}.Debug|Any CPU.ActiveCfg = Debug|Any CPU
		{617A5D05-A4CE-4A16-84E3-21EEC3AC5DF1}.Debug|Any CPU.Build.0 = Debug|Any CPU
		{617A5D05-A4CE-4A16-84E3-21EEC3AC5DF1}.Release|Any CPU.ActiveCfg = Release|Any CPU
		{617A5D05-A4CE-4A16-84E3-21EEC3AC5DF1}.Release|Any CPU.Build.0 = Release|Any CPU
		{A7E843DA-6A9F-4669-AD80-BBA6D6D574FC}.Debug|Any CPU.ActiveCfg = Debug|Any CPU
		{A7E843DA-6A9F-4669-AD80-BBA6D6D574FC}.Debug|Any CPU.Build.0 = Debug|Any CPU
		{A7E843DA-6A9F-4669-AD80-BBA6D6D574FC}.Release|Any CPU.ActiveCfg = Release|Any CPU
		{A7E843DA-6A9F-4669-AD80-BBA6D6D574FC}.Release|Any CPU.Build.0 = Release|Any CPU
		{537E0711-49FF-4657-8473-C99894AE5841}.Debug|Any CPU.ActiveCfg = Debug|Any CPU
		{537E0711-49FF-4657-8473-C99894AE5841}.Debug|Any CPU.Build.0 = Debug|Any CPU
		{537E0711-49FF-4657-8473-C99894AE5841}.Release|Any CPU.ActiveCfg = Release|Any CPU
		{537E0711-49FF-4657-8473-C99894AE5841}.Release|Any CPU.Build.0 = Release|Any CPU
		{751F42C9-3993-46B1-8A53-E43CD0A0094A}.Debug|Any CPU.ActiveCfg = Debug|Any CPU
		{751F42C9-3993-46B1-8A53-E43CD0A0094A}.Debug|Any CPU.Build.0 = Debug|Any CPU
		{751F42C9-3993-46B1-8A53-E43CD0A0094A}.Release|Any CPU.ActiveCfg = Release|Any CPU
		{751F42C9-3993-46B1-8A53-E43CD0A0094A}.Release|Any CPU.Build.0 = Release|Any CPU
		{FA19A1FC-CA1E-4BB1-B705-D63CD16503A3}.Debug|Any CPU.ActiveCfg = Debug|Any CPU
		{FA19A1FC-CA1E-4BB1-B705-D63CD16503A3}.Debug|Any CPU.Build.0 = Debug|Any CPU
		{FA19A1FC-CA1E-4BB1-B705-D63CD16503A3}.Release|Any CPU.ActiveCfg = Release|Any CPU
		{FA19A1FC-CA1E-4BB1-B705-D63CD16503A3}.Release|Any CPU.Build.0 = Release|Any CPU
		{F5BCF8CE-9687-43F3-84BA-1CDFD5696045}.Debug|Any CPU.ActiveCfg = Debug|Any CPU
		{F5BCF8CE-9687-43F3-84BA-1CDFD5696045}.Debug|Any CPU.Build.0 = Debug|Any CPU
		{F5BCF8CE-9687-43F3-84BA-1CDFD5696045}.Release|Any CPU.ActiveCfg = Release|Any CPU
		{F5BCF8CE-9687-43F3-84BA-1CDFD5696045}.Release|Any CPU.Build.0 = Release|Any CPU
		{AA4158BD-4EAC-4B87-A84B-4C5256343B74}.Debug|Any CPU.ActiveCfg = Debug|Any CPU
		{AA4158BD-4EAC-4B87-A84B-4C5256343B74}.Debug|Any CPU.Build.0 = Debug|Any CPU
		{AA4158BD-4EAC-4B87-A84B-4C5256343B74}.Release|Any CPU.ActiveCfg = Release|Any CPU
		{AA4158BD-4EAC-4B87-A84B-4C5256343B74}.Release|Any CPU.Build.0 = Release|Any CPU
		{05DB6DB5-9721-4CA5-9A4B-1845A600E7DF}.Debug|Any CPU.ActiveCfg = Debug|Any CPU
		{05DB6DB5-9721-4CA5-9A4B-1845A600E7DF}.Debug|Any CPU.Build.0 = Debug|Any CPU
		{05DB6DB5-9721-4CA5-9A4B-1845A600E7DF}.Release|Any CPU.ActiveCfg = Release|Any CPU
		{05DB6DB5-9721-4CA5-9A4B-1845A600E7DF}.Release|Any CPU.Build.0 = Release|Any CPU
		{07451AE7-EBC2-4296-A862-FD942EF27D8D}.Debug|Any CPU.ActiveCfg = Debug|Any CPU
		{07451AE7-EBC2-4296-A862-FD942EF27D8D}.Debug|Any CPU.Build.0 = Debug|Any CPU
		{07451AE7-EBC2-4296-A862-FD942EF27D8D}.Release|Any CPU.ActiveCfg = Release|Any CPU
		{07451AE7-EBC2-4296-A862-FD942EF27D8D}.Release|Any CPU.Build.0 = Release|Any CPU
		{96378BEF-5D7A-45C1-B362-12186A25F7D0}.Debug|Any CPU.ActiveCfg = Debug|Any CPU
		{96378BEF-5D7A-45C1-B362-12186A25F7D0}.Debug|Any CPU.Build.0 = Debug|Any CPU
		{96378BEF-5D7A-45C1-B362-12186A25F7D0}.Release|Any CPU.ActiveCfg = Release|Any CPU
		{96378BEF-5D7A-45C1-B362-12186A25F7D0}.Release|Any CPU.Build.0 = Release|Any CPU
		{6E681567-5503-4E7A-8C60-C55E6E133794}.Debug|Any CPU.ActiveCfg = Debug|Any CPU
		{6E681567-5503-4E7A-8C60-C55E6E133794}.Debug|Any CPU.Build.0 = Debug|Any CPU
		{6E681567-5503-4E7A-8C60-C55E6E133794}.Release|Any CPU.ActiveCfg = Release|Any CPU
		{6E681567-5503-4E7A-8C60-C55E6E133794}.Release|Any CPU.Build.0 = Release|Any CPU
		{3F4D4039-92D7-4B76-B89B-AC7EAEE2316D}.Debug|Any CPU.ActiveCfg = Debug|Any CPU
		{3F4D4039-92D7-4B76-B89B-AC7EAEE2316D}.Debug|Any CPU.Build.0 = Debug|Any CPU
		{3F4D4039-92D7-4B76-B89B-AC7EAEE2316D}.Release|Any CPU.ActiveCfg = Release|Any CPU
		{3F4D4039-92D7-4B76-B89B-AC7EAEE2316D}.Release|Any CPU.Build.0 = Release|Any CPU
		{776A6806-02FF-4F65-906E-CE28D4F3DCCF}.Debug|Any CPU.ActiveCfg = Debug|Any CPU
		{776A6806-02FF-4F65-906E-CE28D4F3DCCF}.Debug|Any CPU.Build.0 = Debug|Any CPU
		{776A6806-02FF-4F65-906E-CE28D4F3DCCF}.Release|Any CPU.ActiveCfg = Release|Any CPU
		{776A6806-02FF-4F65-906E-CE28D4F3DCCF}.Release|Any CPU.Build.0 = Release|Any CPU
		{562EB700-C34A-4470-A43C-1573C490A0CF}.Debug|Any CPU.ActiveCfg = Debug|Any CPU
		{562EB700-C34A-4470-A43C-1573C490A0CF}.Debug|Any CPU.Build.0 = Debug|Any CPU
		{562EB700-C34A-4470-A43C-1573C490A0CF}.Release|Any CPU.ActiveCfg = Release|Any CPU
		{562EB700-C34A-4470-A43C-1573C490A0CF}.Release|Any CPU.Build.0 = Release|Any CPU
	EndGlobalSection
	GlobalSection(SolutionProperties) = preSolution
		HideSolutionNode = FALSE
	EndGlobalSection
	GlobalSection(NestedProjects) = preSolution
		{453CE33C-7D52-41C0-BA59-376E33333546} = {C398A3CA-91CF-4009-82B1-D493AC5207A2}
		{E6C6195D-9203-4773-B899-9F0F1C7C50CC} = {C398A3CA-91CF-4009-82B1-D493AC5207A2}
		{9F980853-7A18-4EA8-B482-30A1AEECB76B} = {C398A3CA-91CF-4009-82B1-D493AC5207A2}
		{C67BB3AD-5255-4EA4-A4F8-D769074B5ACB} = {C398A3CA-91CF-4009-82B1-D493AC5207A2}
		{981700E6-489F-4397-BEBB-5E40A3B3FB80} = {C398A3CA-91CF-4009-82B1-D493AC5207A2}
		{80A5D196-B54F-4800-92AC-CD195DB564FE} = {C398A3CA-91CF-4009-82B1-D493AC5207A2}
		{93CFBCDD-2CFF-4CEF-8E7E-6FCA5CDBD966} = {C398A3CA-91CF-4009-82B1-D493AC5207A2}
		{7ADC813E-D280-45E4-91AD-F7D7D40EAC65} = {C398A3CA-91CF-4009-82B1-D493AC5207A2}
		{C556967B-B284-4F8D-BA01-7A45CDCC768B} = {C398A3CA-91CF-4009-82B1-D493AC5207A2}
		{4B66E1F0-7F22-4B77-A6B9-5DA1F8C43D75} = {C398A3CA-91CF-4009-82B1-D493AC5207A2}
		{4FAC965C-C0EB-4D33-A40A-6FC01B1B81A9} = {C398A3CA-91CF-4009-82B1-D493AC5207A2}
		{BE5B3037-BE1D-482F-840C-138851C76018} = {C398A3CA-91CF-4009-82B1-D493AC5207A2}
		{B5BD23B3-6058-4EEF-B51B-7827E3B6083F} = {C398A3CA-91CF-4009-82B1-D493AC5207A2}
		{54296574-DCC6-4524-8205-D9B46ACAEEB5} = {C398A3CA-91CF-4009-82B1-D493AC5207A2}
		{0336E538-C1EB-4570-97EC-9241020696AD} = {C398A3CA-91CF-4009-82B1-D493AC5207A2}
		{BD2E1187-7575-4C67-B67F-C2F9DE9165D4} = {C398A3CA-91CF-4009-82B1-D493AC5207A2}
		{5C43B406-8832-4AC1-977E-AA00CA53CE53} = {DB7A2D55-D06A-44FD-95F9-2620CE7E5DA5}
		{39124BB3-CE53-4B06-AFBD-05C798BDC0BD} = {DB7A2D55-D06A-44FD-95F9-2620CE7E5DA5}
		{BD248EDB-F093-4C12-A4F2-A709D2AF2A42} = {DB7A2D55-D06A-44FD-95F9-2620CE7E5DA5}
		{FEA23676-BEFB-44A7-8756-60512A27FE65} = {DB7A2D55-D06A-44FD-95F9-2620CE7E5DA5}
		{FC46150E-1666-4C8A-9BA6-60286DE07659} = {DB7A2D55-D06A-44FD-95F9-2620CE7E5DA5}
		{951211C8-A034-409E-8AD2-1F29373DD8C4} = {DB7A2D55-D06A-44FD-95F9-2620CE7E5DA5}
		{A181FA49-DACA-4B35-9C0E-005D23A3FB42} = {DB7A2D55-D06A-44FD-95F9-2620CE7E5DA5}
		{6D48823A-CE4D-430D-87D9-16BE55EDC5CA} = {DB7A2D55-D06A-44FD-95F9-2620CE7E5DA5}
		{E64AE956-78DF-43A9-BB28-F1FD54C4A175} = {DB7A2D55-D06A-44FD-95F9-2620CE7E5DA5}
		{C53AAB28-6725-4E57-AD2D-B68810A068DC} = {DB7A2D55-D06A-44FD-95F9-2620CE7E5DA5}
		{8DAE3CAC-EF24-4375-8582-E4692AC441F9} = {C398A3CA-91CF-4009-82B1-D493AC5207A2}
		{8F332413-121F-4E00-89A9-E662CA38FF62} = {C398A3CA-91CF-4009-82B1-D493AC5207A2}
		{488FF504-A0BA-4787-876D-DD444426897B} = {C398A3CA-91CF-4009-82B1-D493AC5207A2}
		{3AA77B4A-C6F1-4564-B5D0-4110E28AFE40} = {C398A3CA-91CF-4009-82B1-D493AC5207A2}
		{1566AAB3-907F-4EA0-8DFA-5601DE5C5AB8} = {CFCBFAF5-0668-403C-9645-62DE54225AD5}
		{62FB04F3-EE3B-4843-B8E1-06D92D6B2815} = {CFCBFAF5-0668-403C-9645-62DE54225AD5}
		{A3B38DB7-9DF3-48AD-832F-BDF20897077B} = {CFCBFAF5-0668-403C-9645-62DE54225AD5}
		{73274924-1503-4317-BD3B-B3B487F9B4A1} = {CFCBFAF5-0668-403C-9645-62DE54225AD5}
		{54304973-64FD-4C32-886A-537686280914} = {CFCBFAF5-0668-403C-9645-62DE54225AD5}
		{489CA431-C296-4627-A863-38EB0D95B387} = {A170AC26-32C9-499B-BA8C-28DDE337D80B}
		{6A2C5FD6-8537-4231-A4DA-11715CFC7A1E} = {A170AC26-32C9-499B-BA8C-28DDE337D80B}
		{11A43DAD-764A-4897-8BD7-715E6A9DDD6B} = {A170AC26-32C9-499B-BA8C-28DDE337D80B}
		{09ED1D8C-BA5A-4F4A-A309-E6351EC37753} = {A170AC26-32C9-499B-BA8C-28DDE337D80B}
		{814360F0-1FF3-480B-83DC-8DD887B39FBB} = {A170AC26-32C9-499B-BA8C-28DDE337D80B}
		{13D468F7-79D1-4F68-BEB9-FD01829903AB} = {A170AC26-32C9-499B-BA8C-28DDE337D80B}
		{83FC1367-0C30-438A-9342-223079D9D15D} = {724BAD96-349A-483A-AD3B-831EAF7D6742}
		{BE590444-9166-43A9-A00C-6224AAD7551A} = {724BAD96-349A-483A-AD3B-831EAF7D6742}
		{08DB9289-884E-479E-AF20-72028846F149} = {724BAD96-349A-483A-AD3B-831EAF7D6742}
		{5C980362-8908-43F1-A670-8E6A1D054F8A} = {724BAD96-349A-483A-AD3B-831EAF7D6742}
		{C6A26952-F540-4DB8-A5F3-AFAA7039FD65} = {724BAD96-349A-483A-AD3B-831EAF7D6742}
		{24C53297-9383-4606-A803-63382B7DEFE4} = {724BAD96-349A-483A-AD3B-831EAF7D6742}
		{B7B593D4-36FB-4533-B770-262EF4A79920} = {724BAD96-349A-483A-AD3B-831EAF7D6742}
		{BDE7A191-D71C-4073-8D3B-038D5DFC989E} = {724BAD96-349A-483A-AD3B-831EAF7D6742}
		{617A5D05-A4CE-4A16-84E3-21EEC3AC5DF1} = {3BF493BB-9D5B-4D1B-B357-EF96FA806819}
		{A7E843DA-6A9F-4669-AD80-BBA6D6D574FC} = {3BF493BB-9D5B-4D1B-B357-EF96FA806819}
		{537E0711-49FF-4657-8473-C99894AE5841} = {3BF493BB-9D5B-4D1B-B357-EF96FA806819}
		{751F42C9-3993-46B1-8A53-E43CD0A0094A} = {3BF493BB-9D5B-4D1B-B357-EF96FA806819}
		{FA19A1FC-CA1E-4BB1-B705-D63CD16503A3} = {3BF493BB-9D5B-4D1B-B357-EF96FA806819}
		{F5BCF8CE-9687-43F3-84BA-1CDFD5696045} = {3BF493BB-9D5B-4D1B-B357-EF96FA806819}
		{AA4158BD-4EAC-4B87-A84B-4C5256343B74} = {3BF493BB-9D5B-4D1B-B357-EF96FA806819}
		{05DB6DB5-9721-4CA5-9A4B-1845A600E7DF} = {CFCBFAF5-0668-403C-9645-62DE54225AD5}
		{07451AE7-EBC2-4296-A862-FD942EF27D8D} = {A170AC26-32C9-499B-BA8C-28DDE337D80B}
		{96378BEF-5D7A-45C1-B362-12186A25F7D0} = {A170AC26-32C9-499B-BA8C-28DDE337D80B}
		{DB7A2D55-D06A-44FD-95F9-2620CE7E5DA5} = {A93F99F3-12E1-4C4E-B681-6AA694DDD9BC}
		{CFCBFAF5-0668-403C-9645-62DE54225AD5} = {A93F99F3-12E1-4C4E-B681-6AA694DDD9BC}
		{724BAD96-349A-483A-AD3B-831EAF7D6742} = {A93F99F3-12E1-4C4E-B681-6AA694DDD9BC}
		{3BF493BB-9D5B-4D1B-B357-EF96FA806819} = {A93F99F3-12E1-4C4E-B681-6AA694DDD9BC}
		{3CAF9F12-BCFE-492C-9336-4B7283CC4BDB} = {A93F99F3-12E1-4C4E-B681-6AA694DDD9BC}
		{3F4D4039-92D7-4B76-B89B-AC7EAEE2316D} = {3CAF9F12-BCFE-492C-9336-4B7283CC4BDB}
		{776A6806-02FF-4F65-906E-CE28D4F3DCCF} = {3CAF9F12-BCFE-492C-9336-4B7283CC4BDB}
		{562EB700-C34A-4470-A43C-1573C490A0CF} = {3CAF9F12-BCFE-492C-9336-4B7283CC4BDB}
	EndGlobalSection
	GlobalSection(ExtensibilityGlobals) = postSolution
		SolutionGuid = {B0C53659-34F1-4EF7-8635-CF4035D07065}
	EndGlobalSection
EndGlobal
