
Microsoft Visual Studio Solution File, Format Version 12.00
# Visual Studio Version 17
VisualStudioVersion = 17.0.32112.339
MinimumVisualStudioVersion = 10.0.40219.1
Project("{9A19103F-16F7-4668-BE54-9A1E7A4F7556}") = "1.CalcAreaAndPerimeter(UsingIf)", "Learning .Net\1.CalcAreaAndPerimeter(UsingIf).csproj", "{453CE33C-7D52-41C0-BA59-376E33333546}"
EndProject
Project("{9A19103F-16F7-4668-BE54-9A1E7A4F7556}") = "2.FindingBiggestEven(UsingIf)", "2. Finding biggest even\2.FindingBiggestEven(UsingIf).csproj", "{E6C6195D-9203-4773-B899-9F0F1C7C50CC}"
EndProject
Project("{2150E333-8FDC-42A3-9474-1A3956D46DE8}") = "Solution Items", "Solution Items", "{A231426E-173B-43ED-B473-3855A6A188DA}"
	ProjectSection(SolutionItems) = preProject
		.gitattributes = .gitattributes
		.gitignore = .gitignore
		README.md = README.md
	EndProjectSection
EndProject
Project("{9A19103F-16F7-4668-BE54-9A1E7A4F7556}") = "3.SwitchCase", "3. Switch case\3.SwitchCase.csproj", "{9F980853-7A18-4EA8-B482-30A1AEECB76B}"
EndProject
Project("{9A19103F-16F7-4668-BE54-9A1E7A4F7556}") = "4.TernaryOperator", "4. TernaryOperator\4.TernaryOperator.csproj", "{C67BB3AD-5255-4EA4-A4F8-D769074B5ACB}"
EndProject
Project("{9A19103F-16F7-4668-BE54-9A1E7A4F7556}") = "5.TernaryOperator2", "TernaryOperator2\5.TernaryOperator2.csproj", "{981700E6-489F-4397-BEBB-5E40A3B3FB80}"
EndProject
Project("{9A19103F-16F7-4668-BE54-9A1E7A4F7556}") = "6.LoopWhile", "6.LoopWhile\6.LoopWhile.csproj", "{80A5D196-B54F-4800-92AC-CD195DB564FE}"
EndProject
Project("{9A19103F-16F7-4668-BE54-9A1E7A4F7556}") = "7.LoopWhile2", "7.LoopWhile2\7.LoopWhile2.csproj", "{93CFBCDD-2CFF-4CEF-8E7E-6FCA5CDBD966}"
EndProject
Project("{FAE04EC0-301F-11D3-BF4B-00C04F79EFBC}") = "8,9.Array", "8.Array\8,9.Array.csproj", "{7ADC813E-D280-45E4-91AD-F7D7D40EAC65}"
EndProject
Global
	GlobalSection(SolutionConfigurationPlatforms) = preSolution
		Debug|Any CPU = Debug|Any CPU
		Release|Any CPU = Release|Any CPU
	EndGlobalSection
	GlobalSection(ProjectConfigurationPlatforms) = postSolution
		{453CE33C-7D52-41C0-BA59-376E33333546}.Debug|Any CPU.ActiveCfg = Debug|Any CPU
		{453CE33C-7D52-41C0-BA59-376E33333546}.Debug|Any CPU.Build.0 = Debug|Any CPU
		{453CE33C-7D52-41C0-BA59-376E33333546}.Release|Any CPU.ActiveCfg = Release|Any CPU
		{453CE33C-7D52-41C0-BA59-376E33333546}.Release|Any CPU.Build.0 = Release|Any CPU
		{E6C6195D-9203-4773-B899-9F0F1C7C50CC}.Debug|Any CPU.ActiveCfg = Debug|Any CPU
		{E6C6195D-9203-4773-B899-9F0F1C7C50CC}.Debug|Any CPU.Build.0 = Debug|Any CPU
		{E6C6195D-9203-4773-B899-9F0F1C7C50CC}.Release|Any CPU.ActiveCfg = Release|Any CPU
		{E6C6195D-9203-4773-B899-9F0F1C7C50CC}.Release|Any CPU.Build.0 = Release|Any CPU
		{9F980853-7A18-4EA8-B482-30A1AEECB76B}.Debug|Any CPU.ActiveCfg = Debug|Any CPU
		{9F980853-7A18-4EA8-B482-30A1AEECB76B}.Debug|Any CPU.Build.0 = Debug|Any CPU
		{9F980853-7A18-4EA8-B482-30A1AEECB76B}.Release|Any CPU.ActiveCfg = Release|Any CPU
		{9F980853-7A18-4EA8-B482-30A1AEECB76B}.Release|Any CPU.Build.0 = Release|Any CPU
		{C67BB3AD-5255-4EA4-A4F8-D769074B5ACB}.Debug|Any CPU.ActiveCfg = Debug|Any CPU
		{C67BB3AD-5255-4EA4-A4F8-D769074B5ACB}.Debug|Any CPU.Build.0 = Debug|Any CPU
		{C67BB3AD-5255-4EA4-A4F8-D769074B5ACB}.Release|Any CPU.ActiveCfg = Release|Any CPU
		{C67BB3AD-5255-4EA4-A4F8-D769074B5ACB}.Release|Any CPU.Build.0 = Release|Any CPU
		{981700E6-489F-4397-BEBB-5E40A3B3FB80}.Debug|Any CPU.ActiveCfg = Debug|Any CPU
		{981700E6-489F-4397-BEBB-5E40A3B3FB80}.Debug|Any CPU.Build.0 = Debug|Any CPU
		{981700E6-489F-4397-BEBB-5E40A3B3FB80}.Release|Any CPU.ActiveCfg = Release|Any CPU
		{981700E6-489F-4397-BEBB-5E40A3B3FB80}.Release|Any CPU.Build.0 = Release|Any CPU
		{80A5D196-B54F-4800-92AC-CD195DB564FE}.Debug|Any CPU.ActiveCfg = Debug|Any CPU
		{80A5D196-B54F-4800-92AC-CD195DB564FE}.Debug|Any CPU.Build.0 = Debug|Any CPU
		{80A5D196-B54F-4800-92AC-CD195DB564FE}.Release|Any CPU.ActiveCfg = Release|Any CPU
		{80A5D196-B54F-4800-92AC-CD195DB564FE}.Release|Any CPU.Build.0 = Release|Any CPU
		{93CFBCDD-2CFF-4CEF-8E7E-6FCA5CDBD966}.Debug|Any CPU.ActiveCfg = Debug|Any CPU
		{93CFBCDD-2CFF-4CEF-8E7E-6FCA5CDBD966}.Debug|Any CPU.Build.0 = Debug|Any CPU
		{93CFBCDD-2CFF-4CEF-8E7E-6FCA5CDBD966}.Release|Any CPU.ActiveCfg = Release|Any CPU
		{93CFBCDD-2CFF-4CEF-8E7E-6FCA5CDBD966}.Release|Any CPU.Build.0 = Release|Any CPU
		{7ADC813E-D280-45E4-91AD-F7D7D40EAC65}.Debug|Any CPU.ActiveCfg = Debug|Any CPU
		{7ADC813E-D280-45E4-91AD-F7D7D40EAC65}.Debug|Any CPU.Build.0 = Debug|Any CPU
		{7ADC813E-D280-45E4-91AD-F7D7D40EAC65}.Release|Any CPU.ActiveCfg = Release|Any CPU
		{7ADC813E-D280-45E4-91AD-F7D7D40EAC65}.Release|Any CPU.Build.0 = Release|Any CPU
	EndGlobalSection
	GlobalSection(SolutionProperties) = preSolution
		HideSolutionNode = FALSE
	EndGlobalSection
	GlobalSection(ExtensibilityGlobals) = postSolution
		SolutionGuid = {B0C53659-34F1-4EF7-8635-CF4035D07065}
	EndGlobalSection
EndGlobal
